
Microsoft Visual Studio Solution File, Format Version 12.00
# Visual Studio Version 17
VisualStudioVersion = 17.8.34330.188
MinimumVisualStudioVersion = 10.0.40219.1
Project("{FAE04EC0-301F-11D3-BF4B-00C04F79EFBC}") = "VirtualKeyboard", "VirtualKeyboard\VirtualKeyboard.csproj", "{2B24E177-C34E-4B95-9ADC-B4501D0A28DE}"
EndProject
Global
	GlobalSection(SolutionConfigurationPlatforms) = preSolution
		Debug|Any CPU = Debug|Any CPU
		Release|Any CPU = Release|Any CPU
	EndGlobalSection
	GlobalSection(ProjectConfigurationPlatforms) = postSolution
		{2B24E177-C34E-4B95-9ADC-B4501D0A28DE}.Debug|Any CPU.ActiveCfg = Debug|Any CPU
		{2B24E177-C34E-4B95-9ADC-B4501D0A28DE}.Debug|Any CPU.Build.0 = Debug|Any CPU
		{2B24E177-C34E-4B95-9ADC-B4501D0A28DE}.Debug|Any CPU.Deploy.0 = Debug|Any CPU
		{2B24E177-C34E-4B95-9ADC-B4501D0A28DE}.Release|Any CPU.ActiveCfg = Release|Any CPU
		{2B24E177-C34E-4B95-9ADC-B4501D0A28DE}.Release|Any CPU.Build.0 = Release|Any CPU
		{2B24E177-C34E-4B95-9ADC-B4501D0A28DE}.Release|Any CPU.Deploy.0 = Release|Any CPU
	EndGlobalSection
	GlobalSection(SolutionProperties) = preSolution
		HideSolutionNode = FALSE
	EndGlobalSection
	GlobalSection(ExtensibilityGlobals) = postSolution
		SolutionGuid = {A7A44AC0-5583-4CC1-9ABF-6F0238F84426}
	EndGlobalSection
EndGlobal
